symfony v2.0.17
twig v1.9.2
monolog 1.0.2
doctrine-common 2.1.4
doctrine-dbal 2.1.7
doctrine 2.1.7
swiftmailer v4.2.1
assetic v1.0.3
twig-extensions f904575642b1213db69b4a98f08397e722ba1cae
metadata 1.0.0
SensioFrameworkExtraBundle v2.0.17
JMSSecurityExtraBundle e752f888c51425f71382c056961f10f2be642102
SensioDistributionBundle v2.0.17
SensioGeneratorBundle v2.0.17
AsseticBundle 6f15728c1aefa5246caa83730e3dbf70b0d46052
doctrine-fixtures 779c3dfe446b6da893be87b908d6be28345d1e01
DoctrineFixturesBundle 479f10d068bd0b01e055aa2f555946893322b79c
doctrine-migrations 17f4b56bf0af0274cabdf3ae9b644059246d66b7
DoctrineMigrationsBundle bd69825665bf3cb4c36b608fa79f364cece371c5
